{
  "name": "Travel Project",
  "lockfileVersion": 2,
  "requires": true,
  "packages": {
    "": {
      "dependencies": {
        "@fortawesome/fontawesome-free": "^5.15.4",
        "bootstrap": "^5.0.0-alpha1"
      }
    },
    "node_modules/@fortawesome/fontawesome-free": {
      "version": "5.15.4",
      "resolved": "https://registry.npmjs.org/@fortawesome/fontawesome-free/-/fontawesome-free-5.15.4.tgz",
      "integrity": "sha512-eYm8vijH/hpzr/6/1CJ/V/Eb1xQFW2nnUKArb3z+yUWv7HTwj6M7SP957oMjfZjAHU6qpoNc2wQvIxBLWYa/Jg==",
      "hasInstallScript": true,
      "engines": {
        "node": ">=6"
      }
    },
    "node_modules/bootstrap": {
      "version": "5.0.0-alpha1",
      "resolved": "https://registry.npmjs.org/bootstrap/-/bootstrap-5.0.0-alpha1.tgz",
      "integrity": "sha512-iwKneP2pLXl8lN0YpnOuOARiNPTzmh/4cw+Un86u4OqrMLuQpyMC7nO07hvivvcg0B/ektJPjuPnS1s+YmRK9A==",
      "funding": {
        "type": "opencollective",
        "url": "https://opencollective.com/bootstrap"
      },
      "peerDependencies": {
        "popper.js": "^1.16.0"
      }
    },
    "node_modules/popper.js": {
      "version": "1.16.1",
      "resolved": "https://registry.npmjs.org/popper.js/-/popper.js-1.16.1.tgz",
      "integrity": "sha512-Wb4p1J4zyFTbM+u6WuO4XstYx4Ky9Cewe4DWrel7B0w6VVICvPwdOpotjzcf6eD8TsckVnIMNONQyPIUFOUbCQ==",
      "deprecated": "You can find the new Popper v2 at @popperjs/core, this package is dedicated to the legacy v1",
      "peer": true,
      "funding": {
        "type": "opencollective",
        "url": "https://opencollective.com/popperjs"
      }
    }
  },
  "dependencies": {
    "@fortawesome/fontawesome-free": {
      "version": "5.15.4",
      "resolved": "https://registry.npmjs.org/@fortawesome/fontawesome-free/-/fontawesome-free-5.15.4.tgz",
      "integrity": "sha512-eYm8vijH/hpzr/6/1CJ/V/Eb1xQFW2nnUKArb3z+yUWv7HTwj6M7SP957oMjfZjAHU6qpoNc2wQvIxBLWYa/Jg=="
    },
    "bootstrap": {
      "version": "5.0.0-alpha1",
      "resolved": "https://registry.npmjs.org/bootstrap/-/bootstrap-5.0.0-alpha1.tgz",
      "integrity": "sha512-iwKneP2pLXl8lN0YpnOuOARiNPTzmh/4cw+Un86u4OqrMLuQpyMC7nO07hvivvcg0B/ektJPjuPnS1s+YmRK9A==",
      "requires": {}
    },
    "popper.js": {
      "version": "1.16.1",
      "resolved": "https://registry.npmjs.org/popper.js/-/popper.js-1.16.1.tgz",
      "integrity": "sha512-Wb4p1J4zyFTbM+u6WuO4XstYx4Ky9Cewe4DWrel7B0w6VVICvPwdOpotjzcf6eD8TsckVnIMNONQyPIUFOUbCQ==",
      "peer": true
    }
  }
}
